
Microsoft Visual Studio Solution File, Format Version 12.00
# Visual Studio Version 16
VisualStudioVersion = 16.0.31112.23
MinimumVisualStudioVersion = 10.0.40219.1
Project("{FAE04EC0-301F-11D3-BF4B-00C04F79EFBC}") = "POBC.RPG", "POBC.RPG.csproj", "{80E86DDC-C9ED-4F4D-B0FD-D099E11FFDD2}"
EndProject
Global
	GlobalSection(SolutionConfigurationPlatforms) = preSolution
		Debug|Any CPU = Debug|Any CPU
		Release|Any CPU = Release|Any CPU
	EndGlobalSection
	GlobalSection(ProjectConfigurationPlatforms) = postSolution
		{80E86DDC-C9ED-4F4D-B0FD-D099E11FFDD2}.Debug|Any CPU.ActiveCfg = Debug|Any CPU
		{80E86DDC-C9ED-4F4D-B0FD-D099E11FFDD2}.Debug|Any CPU.Build.0 = Debug|Any CPU
		{80E86DDC-C9ED-4F4D-B0FD-D099E11FFDD2}.Release|Any CPU.ActiveCfg = Release|Any CPU
		{80E86DDC-C9ED-4F4D-B0FD-D099E11FFDD2}.Release|Any CPU.Build.0 = Release|Any CPU
	EndGlobalSection
	GlobalSection(SolutionProperties) = preSolution
		HideSolutionNode = FALSE
	EndGlobalSection
	GlobalSection(ExtensibilityGlobals) = postSolution
		SolutionGuid = {5F2E7D5B-F04F-4055-97DA-69E292A7C2C3}
	EndGlobalSection
EndGlobal
